
Microsoft Visual Studio Solution File, Format Version 12.00
# Visual Studio Version 17
VisualStudioVersion = 17.1.32228.430
MinimumVisualStudioVersion = 10.0.40219.1
Project("{2150E333-8FDC-42A3-9474-1A3956D46DE8}") = ".workflows", ".workflows", "{2F057663-C8CC-4F10-A21B-33A19290A4AF}"
	ProjectSection(SolutionItems) = preProject
		.github\workflows\release-package-nuget-org.yml = .github\workflows\release-package-nuget-org.yml
		.github\workflows\release-package.yml = .github\workflows\release-package.yml
		Update-Nuget-Version.ps1 = Update-Nuget-Version.ps1
		Update-Version.ps1 = Update-Version.ps1
	EndProjectSection
EndProject
Project("{9A19103F-16F7-4668-BE54-9A1E7A4F7556}") = "Kruso.Umbraco.Delivery", "Kruso.Umbraco.Delivery\Kruso.Umbraco.Delivery.csproj", "{5A762277-1C9E-4078-B8F7-D133B95194D5}"
EndProject
Global
	GlobalSection(SolutionConfigurationPlatforms) = preSolution
		Debug|Any CPU = Debug|Any CPU
		Release|Any CPU = Release|Any CPU
	EndGlobalSection
	GlobalSection(ProjectConfigurationPlatforms) = postSolution
		{5A762277-1C9E-4078-B8F7-D133B95194D5}.Debug|Any CPU.ActiveCfg = Debug|Any CPU
		{5A762277-1C9E-4078-B8F7-D133B95194D5}.Debug|Any CPU.Build.0 = Debug|Any CPU
		{5A762277-1C9E-4078-B8F7-D133B95194D5}.Release|Any CPU.ActiveCfg = Release|Any CPU
		{5A762277-1C9E-4078-B8F7-D133B95194D5}.Release|Any CPU.Build.0 = Release|Any CPU
	EndGlobalSection
	GlobalSection(SolutionProperties) = preSolution
		HideSolutionNode = FALSE
	EndGlobalSection
	GlobalSection(ExtensibilityGlobals) = postSolution
		SolutionGuid = {936E2570-EBEF-4E4A-84D9-F2EEA057477D}
	EndGlobalSection
EndGlobal
